
Microsoft Visual Studio Solution File, Format Version 12.00
# Visual Studio Version 17
VisualStudioVersion = 17.3.32901.215
MinimumVisualStudioVersion = 10.0.40219.1
Project("{FAE04EC0-301F-11D3-BF4B-00C04F79EFBC}") = "Unicode", "Unicode\Unicode.csproj", "{94D40D0D-8C71-45ED-9A92-8918FC381110}"
EndProject
Global
	GlobalSection(SolutionConfigurationPlatforms) = preSolution
		Debug|Any CPU = Debug|Any CPU
		Release|Any CPU = Release|Any CPU
	EndGlobalSection
	GlobalSection(ProjectConfigurationPlatforms) = postSolution
		{94D40D0D-8C71-45ED-9A92-8918FC381110}.Debug|Any CPU.ActiveCfg = Debug|Any CPU
		{94D40D0D-8C71-45ED-9A92-8918FC381110}.Debug|Any CPU.Build.0 = Debug|Any CPU
		{94D40D0D-8C71-45ED-9A92-8918FC381110}.Release|Any CPU.ActiveCfg = Release|Any CPU
		{94D40D0D-8C71-45ED-9A92-8918FC381110}.Release|Any CPU.Build.0 = Release|Any CPU
	EndGlobalSection
	GlobalSection(SolutionProperties) = preSolution
		HideSolutionNode = FALSE
	EndGlobalSection
	GlobalSection(ExtensibilityGlobals) = postSolution
		SolutionGuid = {160BC8A8-5681-45EB-97D3-29BB3D46B1D7}
	EndGlobalSection
EndGlobal
