
Microsoft Visual Studio Solution File, Format Version 12.00
# Visual Studio Version 17
VisualStudioVersion = 17.3.32901.215
MinimumVisualStudioVersion = 10.0.40219.1
Project("{FAE04EC0-301F-11D3-BF4B-00C04F79EFBC}") = "03_EventHandler", "03_EventHandler\03_EventHandler.csproj", "{680B8555-D912-44D0-86A7-977F22CF2743}"
EndProject
Project("{FAE04EC0-301F-11D3-BF4B-00C04F79EFBC}") = "ClassLibrary1", "ClassLibrary1\ClassLibrary1.csproj", "{51F75FE5-1DC9-432C-8D20-35F082BBF04E}"
EndProject
Global
	GlobalSection(SolutionConfigurationPlatforms) = preSolution
		Debug|Any CPU = Debug|Any CPU
		Release|Any CPU = Release|Any CPU
	EndGlobalSection
	GlobalSection(ProjectConfigurationPlatforms) = postSolution
		{680B8555-D912-44D0-86A7-977F22CF2743}.Debug|Any CPU.ActiveCfg = Debug|Any CPU
		{680B8555-D912-44D0-86A7-977F22CF2743}.Debug|Any CPU.Build.0 = Debug|Any CPU
		{680B8555-D912-44D0-86A7-977F22CF2743}.Release|Any CPU.ActiveCfg = Release|Any CPU
		{680B8555-D912-44D0-86A7-977F22CF2743}.Release|Any CPU.Build.0 = Release|Any CPU
		{51F75FE5-1DC9-432C-8D20-35F082BBF04E}.Debug|Any CPU.ActiveCfg = Debug|Any CPU
		{51F75FE5-1DC9-432C-8D20-35F082BBF04E}.Debug|Any CPU.Build.0 = Debug|Any CPU
		{51F75FE5-1DC9-432C-8D20-35F082BBF04E}.Release|Any CPU.ActiveCfg = Release|Any CPU
		{51F75FE5-1DC9-432C-8D20-35F082BBF04E}.Release|Any CPU.Build.0 = Release|Any CPU
	EndGlobalSection
	GlobalSection(SolutionProperties) = preSolution
		HideSolutionNode = FALSE
	EndGlobalSection
	GlobalSection(ExtensibilityGlobals) = postSolution
		SolutionGuid = {D03A487F-AC3F-42B0-9AA5-B42B21FF1F3F}
	EndGlobalSection
EndGlobal
