
Microsoft Visual Studio Solution File, Format Version 12.00
# Visual Studio Version 17
VisualStudioVersion = 17.3.32901.215
MinimumVisualStudioVersion = 10.0.40219.1
Project("{FAE04EC0-301F-11D3-BF4B-00C04F79EFBC}") = "NestedRecord", "NestedRecord\NestedRecord.csproj", "{D0DCCA27-9FBD-4841-AF73-3A7F5CBD132B}"
EndProject
Global
	GlobalSection(SolutionConfigurationPlatforms) = preSolution
		Debug|Any CPU = Debug|Any CPU
		Release|Any CPU = Release|Any CPU
	EndGlobalSection
	GlobalSection(ProjectConfigurationPlatforms) = postSolution
		{D0DCCA27-9FBD-4841-AF73-3A7F5CBD132B}.Debug|Any CPU.ActiveCfg = Debug|Any CPU
		{D0DCCA27-9FBD-4841-AF73-3A7F5CBD132B}.Debug|Any CPU.Build.0 = Debug|Any CPU
		{D0DCCA27-9FBD-4841-AF73-3A7F5CBD132B}.Release|Any CPU.ActiveCfg = Release|Any CPU
		{D0DCCA27-9FBD-4841-AF73-3A7F5CBD132B}.Release|Any CPU.Build.0 = Release|Any CPU
	EndGlobalSection
	GlobalSection(SolutionProperties) = preSolution
		HideSolutionNode = FALSE
	EndGlobalSection
	GlobalSection(ExtensibilityGlobals) = postSolution
		SolutionGuid = {443555A9-3952-42B5-B12D-4C8586266347}
	EndGlobalSection
EndGlobal
