
Microsoft Visual Studio Solution File, Format Version 12.00
# Visual Studio Version 17
VisualStudioVersion = 17.3.32901.215
MinimumVisualStudioVersion = 10.0.40219.1
Project("{FAE04EC0-301F-11D3-BF4B-00C04F79EFBC}") = "FileScopedNamespace", "FileScopedNamespace\FileScopedNamespace.csproj", "{428FC561-DE55-4C62-8BAA-3528DA1D37EC}"
EndProject
Global
	GlobalSection(SolutionConfigurationPlatforms) = preSolution
		Debug|Any CPU = Debug|Any CPU
		Release|Any CPU = Release|Any CPU
	EndGlobalSection
	GlobalSection(ProjectConfigurationPlatforms) = postSolution
		{428FC561-DE55-4C62-8BAA-3528DA1D37EC}.Debug|Any CPU.ActiveCfg = Debug|Any CPU
		{428FC561-DE55-4C62-8BAA-3528DA1D37EC}.Debug|Any CPU.Build.0 = Debug|Any CPU
		{428FC561-DE55-4C62-8BAA-3528DA1D37EC}.Release|Any CPU.ActiveCfg = Release|Any CPU
		{428FC561-DE55-4C62-8BAA-3528DA1D37EC}.Release|Any CPU.Build.0 = Release|Any CPU
	EndGlobalSection
	GlobalSection(SolutionProperties) = preSolution
		HideSolutionNode = FALSE
	EndGlobalSection
	GlobalSection(ExtensibilityGlobals) = postSolution
		SolutionGuid = {58C70C30-52C9-4548-8AC3-62FA0CA636CF}
	EndGlobalSection
EndGlobal
