
Microsoft Visual Studio Solution File, Format Version 12.00
# Visual Studio Version 17
VisualStudioVersion = 17.3.32901.215
MinimumVisualStudioVersion = 10.0.40219.1
Project("{FAE04EC0-301F-11D3-BF4B-00C04F79EFBC}") = "PatternMatchingSwitchExpression", "PatternMatchingSwitchExpression\PatternMatchingSwitchExpression.csproj", "{98EE43CE-0727-40AB-9D1E-DC18340B4942}"
EndProject
Global
	GlobalSection(SolutionConfigurationPlatforms) = preSolution
		Debug|Any CPU = Debug|Any CPU
		Release|Any CPU = Release|Any CPU
	EndGlobalSection
	GlobalSection(ProjectConfigurationPlatforms) = postSolution
		{98EE43CE-0727-40AB-9D1E-DC18340B4942}.Debug|Any CPU.ActiveCfg = Debug|Any CPU
		{98EE43CE-0727-40AB-9D1E-DC18340B4942}.Debug|Any CPU.Build.0 = Debug|Any CPU
		{98EE43CE-0727-40AB-9D1E-DC18340B4942}.Release|Any CPU.ActiveCfg = Release|Any CPU
		{98EE43CE-0727-40AB-9D1E-DC18340B4942}.Release|Any CPU.Build.0 = Release|Any CPU
	EndGlobalSection
	GlobalSection(SolutionProperties) = preSolution
		HideSolutionNode = FALSE
	EndGlobalSection
	GlobalSection(ExtensibilityGlobals) = postSolution
		SolutionGuid = {9D5E58F2-FDB5-49FA-90AB-A36B7DC733BD}
	EndGlobalSection
EndGlobal
