
Microsoft Visual Studio Solution File, Format Version 12.00
# Visual Studio Version 17
VisualStudioVersion = 17.3.32901.215
MinimumVisualStudioVersion = 10.0.40219.1
Project("{FAE04EC0-301F-11D3-BF4B-00C04F79EFBC}") = "ASCII", "ASCII\ASCII.csproj", "{5CD6E8CD-22FC-4E45-8914-5BB4CD907CFE}"
EndProject
Global
	GlobalSection(SolutionConfigurationPlatforms) = preSolution
		Debug|Any CPU = Debug|Any CPU
		Release|Any CPU = Release|Any CPU
	EndGlobalSection
	GlobalSection(ProjectConfigurationPlatforms) = postSolution
		{5CD6E8CD-22FC-4E45-8914-5BB4CD907CFE}.Debug|Any CPU.ActiveCfg = Debug|Any CPU
		{5CD6E8CD-22FC-4E45-8914-5BB4CD907CFE}.Debug|Any CPU.Build.0 = Debug|Any CPU
		{5CD6E8CD-22FC-4E45-8914-5BB4CD907CFE}.Release|Any CPU.ActiveCfg = Release|Any CPU
		{5CD6E8CD-22FC-4E45-8914-5BB4CD907CFE}.Release|Any CPU.Build.0 = Release|Any CPU
	EndGlobalSection
	GlobalSection(SolutionProperties) = preSolution
		HideSolutionNode = FALSE
	EndGlobalSection
	GlobalSection(ExtensibilityGlobals) = postSolution
		SolutionGuid = {76212A2B-4ABF-466A-B9BC-36B4BDD3B857}
	EndGlobalSection
EndGlobal
