
Microsoft Visual Studio Solution File, Format Version 12.00
# Visual Studio Version 17
VisualStudioVersion = 17.3.32901.215
MinimumVisualStudioVersion = 10.0.40219.1
Project("{FAE04EC0-301F-11D3-BF4B-00C04F79EFBC}") = "ModuleInitializer", "ModuleInitializer\ModuleInitializer.csproj", "{8475DBBF-F827-485B-9163-6A27DE9A7372}"
EndProject
Global
	GlobalSection(SolutionConfigurationPlatforms) = preSolution
		Debug|Any CPU = Debug|Any CPU
		Release|Any CPU = Release|Any CPU
	EndGlobalSection
	GlobalSection(ProjectConfigurationPlatforms) = postSolution
		{8475DBBF-F827-485B-9163-6A27DE9A7372}.Debug|Any CPU.ActiveCfg = Debug|Any CPU
		{8475DBBF-F827-485B-9163-6A27DE9A7372}.Debug|Any CPU.Build.0 = Debug|Any CPU
		{8475DBBF-F827-485B-9163-6A27DE9A7372}.Release|Any CPU.ActiveCfg = Release|Any CPU
		{8475DBBF-F827-485B-9163-6A27DE9A7372}.Release|Any CPU.Build.0 = Release|Any CPU
	EndGlobalSection
	GlobalSection(SolutionProperties) = preSolution
		HideSolutionNode = FALSE
	EndGlobalSection
	GlobalSection(ExtensibilityGlobals) = postSolution
		SolutionGuid = {82E49439-3C80-4D2F-B0C4-AF559AEF021B}
	EndGlobalSection
EndGlobal
