
Microsoft Visual Studio Solution File, Format Version 12.00
# Visual Studio Version 17
VisualStudioVersion = 17.3.32901.215
MinimumVisualStudioVersion = 10.0.40219.1
Project("{FAE04EC0-301F-11D3-BF4B-00C04F79EFBC}") = "CustomCollectionWithIEnumerable", "CustomCollectionWithIEnumerable\CustomCollectionWithIEnumerable.csproj", "{E2A10659-161C-4327-865A-34FD5FD48916}"
EndProject
Global
	GlobalSection(SolutionConfigurationPlatforms) = preSolution
		Debug|Any CPU = Debug|Any CPU
		Release|Any CPU = Release|Any CPU
	EndGlobalSection
	GlobalSection(ProjectConfigurationPlatforms) = postSolution
		{E2A10659-161C-4327-865A-34FD5FD48916}.Debug|Any CPU.ActiveCfg = Debug|Any CPU
		{E2A10659-161C-4327-865A-34FD5FD48916}.Debug|Any CPU.Build.0 = Debug|Any CPU
		{E2A10659-161C-4327-865A-34FD5FD48916}.Release|Any CPU.ActiveCfg = Release|Any CPU
		{E2A10659-161C-4327-865A-34FD5FD48916}.Release|Any CPU.Build.0 = Release|Any CPU
	EndGlobalSection
	GlobalSection(SolutionProperties) = preSolution
		HideSolutionNode = FALSE
	EndGlobalSection
	GlobalSection(ExtensibilityGlobals) = postSolution
		SolutionGuid = {4639449F-8DC7-44BB-B4B3-DD709A446751}
	EndGlobalSection
EndGlobal
