
Microsoft Visual Studio Solution File, Format Version 12.00
# Visual Studio Version 17
VisualStudioVersion = 17.3.32901.215
MinimumVisualStudioVersion = 10.0.40219.1
Project("{FAE04EC0-301F-11D3-BF4B-00C04F79EFBC}") = "AmomymousArray", "AmomymousArray\AmomymousArray.csproj", "{A94FBEAD-73C3-4C68-B229-85990CAA0C39}"
EndProject
Global
	GlobalSection(SolutionConfigurationPlatforms) = preSolution
		Debug|Any CPU = Debug|Any CPU
		Release|Any CPU = Release|Any CPU
	EndGlobalSection
	GlobalSection(ProjectConfigurationPlatforms) = postSolution
		{A94FBEAD-73C3-4C68-B229-85990CAA0C39}.Debug|Any CPU.ActiveCfg = Debug|Any CPU
		{A94FBEAD-73C3-4C68-B229-85990CAA0C39}.Debug|Any CPU.Build.0 = Debug|Any CPU
		{A94FBEAD-73C3-4C68-B229-85990CAA0C39}.Release|Any CPU.ActiveCfg = Release|Any CPU
		{A94FBEAD-73C3-4C68-B229-85990CAA0C39}.Release|Any CPU.Build.0 = Release|Any CPU
	EndGlobalSection
	GlobalSection(SolutionProperties) = preSolution
		HideSolutionNode = FALSE
	EndGlobalSection
	GlobalSection(ExtensibilityGlobals) = postSolution
		SolutionGuid = {1F577BC4-DFEB-4A4C-9CA7-0159ECE8C951}
	EndGlobalSection
EndGlobal
